
Microsoft Visual Studio Solution File, Format Version 12.00
# Visual Studio Version 17
VisualStudioVersion = 17.11.35222.181
MinimumVisualStudioVersion = 10.0.40219.1
Project("{FAE04EC0-301F-11D3-BF4B-00C04F79EFBC}") = "MyPortfolioProjectNigth", "MyPortfolioProjectNigth\MyPortfolioProjectNigth.csproj", "{0D728C4A-7856-4088-A473-019064A7A894}"
EndProject
Global
	GlobalSection(SolutionConfigurationPlatforms) = preSolution
		Debug|Any CPU = Debug|Any CPU
		Release|Any CPU = Release|Any CPU
	EndGlobalSection
	GlobalSection(ProjectConfigurationPlatforms) = postSolution
		{0D728C4A-7856-4088-A473-019064A7A894}.Debug|Any CPU.ActiveCfg = Debug|Any CPU
		{0D728C4A-7856-4088-A473-019064A7A894}.Debug|Any CPU.Build.0 = Debug|Any CPU
		{0D728C4A-7856-4088-A473-019064A7A894}.Release|Any CPU.ActiveCfg = Release|Any CPU
		{0D728C4A-7856-4088-A473-019064A7A894}.Release|Any CPU.Build.0 = Release|Any CPU
	EndGlobalSection
	GlobalSection(SolutionProperties) = preSolution
		HideSolutionNode = FALSE
	EndGlobalSection
	GlobalSection(ExtensibilityGlobals) = postSolution
		SolutionGuid = {475940C1-B558-45F7-90D5-DC6DD917E5B8}
	EndGlobalSection
EndGlobal
